<?xml version="1.0" encoding="utf-8"?>
<Project ToolsVersion="4.0" xmlns="http://schemas.microsoft.com/developer/msbuild/2003">
  <ItemGroup>
    <Filter Include="リソース ファイル">
      <UniqueIdentifier>{67DA6AB6-F800-4c08-8B7A-83BB121AAD01}</UniqueIdentifier>
      <Extensions>rc;ico;cur;bmp;dlg;rc2;rct;bin;rgs;gif;jpg;jpeg;jpe;resx;tiff;tif;png;wav;mfcribbon-ms</Extensions>
    </Filter>
    <Filter Include="Main">
      <UniqueIdentifier>{b799e0c6-f2ef-45f4-90fa-ac673a21fb7f}</UniqueIdentifier>
    </Filter>
    <Filter Include="Main\GameScene">
      <UniqueIdentifier>{c309ddcc-17b0-4b2f-835e-b5da0e619fb9}</UniqueIdentifier>
    </Filter>
    <Filter Include="Main\TitleScene">
      <UniqueIdentifier>{523ee9fd-a490-4dd6-85fb-ffe8fbcd0903}</UniqueIdentifier>
    </Filter>
    <Filter Include="Main\GameScene\GameObjectManager">
      <UniqueIdentifier>{1a26d2aa-4fef-4281-a581-261563143d0c}</UniqueIdentifier>
    </Filter>
    <Filter Include="Main\GameScene\UIObjectManager">
      <UniqueIdentifier>{a962c995-2e20-4fc3-9877-125c03194d8e}</UniqueIdentifier>
    </Filter>
    <Filter Include="Main\GameScene\GameObjectManager\GameObjectBase">
      <UniqueIdentifier>{ea5f17ae-cbf0-40da-bf33-be52b54f372b}</UniqueIdentifier>
    </Filter>
    <Filter Include="Main\GameScene\GameObjectManager\GameObjectBase\GameBackGround">
      <UniqueIdentifier>{53156863-8941-4b6c-89cd-4fbee6cb7e4b}</UniqueIdentifier>
    </Filter>
    <Filter Include="Main\GameScene\GameObjectManager\GameObjectBase\Player">
      <UniqueIdentifier>{d5b5fe0d-9189-4238-b251-ae762e9c71d1}</UniqueIdentifier>
    </Filter>
    <Filter Include="Main\GameScene\GameObjectManager\GameObjectBase\Stage">
      <UniqueIdentifier>{a5d8d297-a652-4664-b652-c958ca2aea82}</UniqueIdentifier>
    </Filter>
    <Filter Include="Main\GameScene\GameObjectManager\GameObjectBase\Stage\Ground">
      <UniqueIdentifier>{da2ac399-7705-458c-bb01-1ee546330d7f}</UniqueIdentifier>
    </Filter>
    <Filter Include="Main\GamePlayManager">
      <UniqueIdentifier>{0d20dc97-4b00-4479-9eb6-2ac5a33baa1d}</UniqueIdentifier>
    </Filter>
    <Filter Include="Main\GameScene\GameObjectManager\GameObjectBase\Stage\Ladder">
      <UniqueIdentifier>{de31d12f-e7f2-47d1-9278-bd11feab6d44}</UniqueIdentifier>
    </Filter>
    <Filter Include="Main\GameScene\GameObjectManager\GameObjectBase\Stage\Door">
      <UniqueIdentifier>{38226d96-5a13-4481-ba4b-c055f75c193e}</UniqueIdentifier>
    </Filter>
    <Filter Include="Main\GameScene\UIObjectManager\UIObjectBase">
      <UniqueIdentifier>{799a8213-eb94-4bfb-9c4c-293fc809571c}</UniqueIdentifier>
    </Filter>
    <Filter Include="Main\GameScene\UIObjectManager\UIObjectBase\Menu">
      <UniqueIdentifier>{3aab3ec1-87a7-45db-9d12-fcf2d6bb77e6}</UniqueIdentifier>
    </Filter>
    <Filter Include="Main\GameScene\UIObjectManager\UIObjectBase\Menu\VolumeBarBase">
      <UniqueIdentifier>{eaa2b7a1-2e80-4f1f-acb7-3753ad971586}</UniqueIdentifier>
    </Filter>
    <Filter Include="Main\GameScene\UIObjectManager\UIObjectBase\Menu\VolumeBarBase\BGMVolumeBar">
      <UniqueIdentifier>{e0d9b5cb-8c07-44f5-b254-7a7817465692}</UniqueIdentifier>
    </Filter>
    <Filter Include="Main\GameScene\UIObjectManager\UIObjectBase\Menu\VolumeBarBase\SEVolumeBar">
      <UniqueIdentifier>{e34f86d7-a20c-491c-a8d7-995d437567f3}</UniqueIdentifier>
    </Filter>
    <Filter Include="Main\GameScene\UIObjectManager\UIObjectBase\Menu\ButtonBase">
      <UniqueIdentifier>{2ae2394d-8ea0-403f-a939-103d70d0d408}</UniqueIdentifier>
    </Filter>
    <Filter Include="Main\GameScene\UIObjectManager\UIObjectBase\Menu\ButtonBase\ReturnButton">
      <UniqueIdentifier>{df5dc356-e57d-410a-a215-9c8600171698}</UniqueIdentifier>
    </Filter>
    <Filter Include="Main\GameScene\UIObjectManager\UIObjectBase\Menu\ButtonBase\RetireButton">
      <UniqueIdentifier>{d77df1c9-7b20-42d3-9a77-d59820b5dd7d}</UniqueIdentifier>
    </Filter>
    <Filter Include="Main\GameScene\UIObjectManager\UIObjectBase\TimerUI">
      <UniqueIdentifier>{008ca3e4-78c7-455f-b6cc-a4e731140a26}</UniqueIdentifier>
    </Filter>
    <Filter Include="Main\GameScene\GameObjectManager\GameObjectBase\Stage\Needle">
      <UniqueIdentifier>{2ca642c8-cd64-4998-86f3-fedbcc9bf1bd}</UniqueIdentifier>
    </Filter>
    <Filter Include="Main\GameScene\GameObjectManager\GameObjectBase\Stage\Coin">
      <UniqueIdentifier>{f113abed-0c3a-4172-8769-5ddae25e5674}</UniqueIdentifier>
    </Filter>
    <Filter Include="Main\GameScene\GameObjectManager\GameObjectBase\Stage\Cover">
      <UniqueIdentifier>{3cf04ddf-6c54-4e74-9823-03f9cd57277a}</UniqueIdentifier>
    </Filter>
    <Filter Include="Main\GameScene\GameObjectManager\GameObjectBase\Stage\Trampoline">
      <UniqueIdentifier>{ac4a5d79-ad95-4d5e-9a75-b5ca5fb8edf8}</UniqueIdentifier>
    </Filter>
    <Filter Include="Main\NextStageScene">
      <UniqueIdentifier>{c253a7e2-082d-4ad4-aff2-2cb3c443ab0d}</UniqueIdentifier>
    </Filter>
  </ItemGroup>
  <ItemGroup>
    <ClCompile Include="Main\App.cpp">
      <Filter>Main</Filter>
    </ClCompile>
    <ClCompile Include="Main\GameScene\GameScene.cpp">
      <Filter>Main\GameScene</Filter>
    </ClCompile>
    <ClCompile Include="Main\TitleScene\TitleScene.cpp">
      <Filter>Main\TitleScene</Filter>
    </ClCompile>
    <ClCompile Include="Main\GameScene\GameObjectManager\GameObjectManager.cpp">
      <Filter>Main\GameScene\GameObjectManager</Filter>
    </ClCompile>
    <ClCompile Include="Main\GameScene\UIObjectManager\UIObjectManager.cpp">
      <Filter>Main\GameScene\UIObjectManager</Filter>
    </ClCompile>
    <ClCompile Include="Main\GameScene\GameObjectManager\GameObjectBase\GameBackGround\GameBackGround.cpp">
      <Filter>Main\GameScene\GameObjectManager\GameObjectBase\GameBackGround</Filter>
    </ClCompile>
    <ClCompile Include="Main\GameScene\GameObjectManager\GameObjectBase\Player\Player.cpp">
      <Filter>Main\GameScene\GameObjectManager\GameObjectBase\Player</Filter>
    </ClCompile>
    <ClCompile Include="Main\GameScene\GameObjectManager\GameObjectBase\Stage\Stage.cpp">
      <Filter>Main\GameScene\GameObjectManager\GameObjectBase\Stage</Filter>
    </ClCompile>
    <ClCompile Include="Main\GameScene\GameObjectManager\GameObjectBase\Stage\Ground\Ground.cpp">
      <Filter>Main\GameScene\GameObjectManager\GameObjectBase\Stage\Ground</Filter>
    </ClCompile>
    <ClCompile Include="Main\GamePlayManager\GamePlayManager.cpp">
      <Filter>Main\GamePlayManager</Filter>
    </ClCompile>
    <ClCompile Include="Main\GameScene\GameObjectManager\GameObjectBase\Stage\Ladder\Ladder.cpp">
      <Filter>Main\GameScene\GameObjectManager\GameObjectBase\Stage\Ladder</Filter>
    </ClCompile>
    <ClCompile Include="Main\GameScene\GameObjectManager\GameObjectBase\Stage\Door\Door.cpp">
      <Filter>Main\GameScene\GameObjectManager\GameObjectBase\Stage\Door</Filter>
    </ClCompile>
    <ClCompile Include="Main\GameScene\UIObjectManager\UIObjectBase\Timer\TimerUI.cpp">
      <Filter>Main\GameScene\UIObjectManager\UIObjectBase\TimerUI</Filter>
    </ClCompile>
    <ClCompile Include="Main\GameScene\GameObjectManager\GameObjectBase\Stage\Needle\Needle.cpp">
      <Filter>Main\GameScene\GameObjectManager\GameObjectBase\Stage\Needle</Filter>
    </ClCompile>
    <ClCompile Include="Main\GameScene\GameObjectManager\GameObjectBase\Stage\Cover\Cover.cpp">
      <Filter>Main\GameScene\GameObjectManager\GameObjectBase\Stage\Cover</Filter>
    </ClCompile>
    <ClCompile Include="Main\GameScene\GameObjectManager\GameObjectBase\Stage\Coin\Coin.cpp">
      <Filter>Main\GameScene\GameObjectManager\GameObjectBase\Stage\Coin</Filter>
    </ClCompile>
    <ClCompile Include="Main\GameScene\GameObjectManager\GameObjectBase\Stage\Trampoline\Trampoline.cpp">
      <Filter>Main\GameScene\GameObjectManager\GameObjectBase\Stage\Trampoline</Filter>
    </ClCompile>
    <ClCompile Include="Main\NextStageScene\NextStageScene.cpp">
      <Filter>Main\NextStageScene</Filter>
    </ClCompile>
  </ItemGroup>
  <ItemGroup>
    <ClInclude Include="Main\App.h">
      <Filter>Main</Filter>
    </ClInclude>
    <ClInclude Include="Main\GameScene\GameScene.h">
      <Filter>Main\GameScene</Filter>
    </ClInclude>
    <ClInclude Include="Main\TitleScene\TitleScene.h">
      <Filter>Main\TitleScene</Filter>
    </ClInclude>
    <ClInclude Include="Main\GameScene\GameObjectManager\GameObjectManager.h">
      <Filter>Main\GameScene\GameObjectManager</Filter>
    </ClInclude>
    <ClInclude Include="Main\GameScene\UIObjectManager\UIObjectManager.h">
      <Filter>Main\GameScene\UIObjectManager</Filter>
    </ClInclude>
    <ClInclude Include="Main\GameScene\GameObjectManager\GameObjectBase\GameObjectBase.h">
      <Filter>Main\GameScene\GameObjectManager\GameObjectBase</Filter>
    </ClInclude>
    <ClInclude Include="Main\GameScene\GameObjectManager\GameObjectBase\GameBackGround\GameBackGround.h">
      <Filter>Main\GameScene\GameObjectManager\GameObjectBase\GameBackGround</Filter>
    </ClInclude>
    <ClInclude Include="Main\GameScene\GameObjectManager\GameObjectBase\Player\Player.h">
      <Filter>Main\GameScene\GameObjectManager\GameObjectBase\Player</Filter>
    </ClInclude>
    <ClInclude Include="Main\GameScene\GameObjectManager\GameObjectBase\Stage\Stage.h">
      <Filter>Main\GameScene\GameObjectManager\GameObjectBase\Stage</Filter>
    </ClInclude>
    <ClInclude Include="Main\GameScene\GameObjectManager\GameObjectBase\Stage\Ground\Ground.h">
      <Filter>Main\GameScene\GameObjectManager\GameObjectBase\Stage\Ground</Filter>
    </ClInclude>
    <ClInclude Include="Main\GamePlayManager\GamePlayManager.h">
      <Filter>Main\GamePlayManager</Filter>
    </ClInclude>
    <ClInclude Include="Main\ResourceId.h">
      <Filter>Main</Filter>
    </ClInclude>
    <ClInclude Include="Main\GameScene\GameObjectManager\GameObjectBase\Stage\Ladder\Ladder.h">
      <Filter>Main\GameScene\GameObjectManager\GameObjectBase\Stage\Ladder</Filter>
    </ClInclude>
    <ClInclude Include="Main\GameScene\GameObjectManager\GameObjectBase\Stage\Door\Door.h">
      <Filter>Main\GameScene\GameObjectManager\GameObjectBase\Stage\Door</Filter>
    </ClInclude>
    <ClInclude Include="Main\GameScene\UIObjectManager\UIObjectBase\UIObjectBase.h">
      <Filter>Main\GameScene\UIObjectManager\UIObjectBase</Filter>
    </ClInclude>
    <ClInclude Include="Main\GameScene\UIObjectManager\UIObjectBase\Timer\TimerUI.h">
      <Filter>Main\GameScene\UIObjectManager\UIObjectBase\TimerUI</Filter>
    </ClInclude>
    <ClInclude Include="Main\GameScene\GameObjectManager\GameObjectBase\Stage\Needle\Needle.h">
      <Filter>Main\GameScene\GameObjectManager\GameObjectBase\Stage\Needle</Filter>
    </ClInclude>
    <ClInclude Include="Main\GameScene\GameObjectManager\GameObjectBase\Stage\Cover\Cover.h">
      <Filter>Main\GameScene\GameObjectManager\GameObjectBase\Stage\Cover</Filter>
    </ClInclude>
    <ClInclude Include="Main\GameScene\GameObjectManager\GameObjectBase\Stage\Coin\Coin.h">
      <Filter>Main\GameScene\GameObjectManager\GameObjectBase\Stage\Coin</Filter>
    </ClInclude>
    <ClInclude Include="Main\GameScene\GameObjectManager\GameObjectBase\Stage\Trampoline\Trampoline.h">
      <Filter>Main\GameScene\GameObjectManager\GameObjectBase\Stage\Trampoline</Filter>
    </ClInclude>
    <ClInclude Include="Main\NextStageScene\NextStageScene.h">
      <Filter>Main\NextStageScene</Filter>
    </ClInclude>
  </ItemGroup>
</Project>